<?xml version="1.0" encoding="UTF-8" standalone="yes" ?>
<CodeBlocks_project_file>
	<FileVersion major="1" minor="6" />
	<Project>
		<Option title="EscenarioText" />
		<Option pch_mode="2" />
		<Option compiler="gcc" />
		<Build>
			<Target title="Debug">
				<Option output="bin/Debug/EscenarioText" prefix_auto="1" extension_auto="1" />
				<Option working_dir=".a" />
				<Option object_output="obj/Debug/" />
				<Option type="1" />
				<Option compiler="gcc" />
				<Compiler>
					<Add option="-g" />
					<Add directory="include" />
				</Compiler>
			</Target>
			<Target title="Release">
				<Option output="bin/Release/EscenarioText" prefix_auto="1" extension_auto="1" />
				<Option working_dir="C:/Program Files/CodeBlocks/MinGW/bin" />
				<Option object_output="obj/Release/" />
				<Option type="0" />
				<Option compiler="gcc" />
				<Compiler>
					<Add option="-O2" />
					<Add directory="include" />
				</Compiler>
				<Linker>
					<Add option="-s" />
				</Linker>
			</Target>
		</Build>
		<Compiler>
			<Add option="-Wall" />
			<Add directory="C:/Program Files/CodeBlocks/MinGW/include" />
		</Compiler>
		<Linker>
			<Add library="freeglut" />
			<Add library="opengl32" />
			<Add library="glu32" />
			<Add library="winmm" />
			<Add library="gdi32" />
			<Add directory="C:/Program Files/CodeBlocks/MinGW/lib" />
		</Linker>
		<Unit filename="include/Casa.h" />
		<Unit filename="include/Cerdo.h" />
		<Unit filename="include/Colision.h" />
		<Unit filename="include/Escenario.h" />
		<Unit filename="include/Fuente.h" />
		<Unit filename="include/RgbImage.h" />
		<Unit filename="include/Steve.h" />
		<Unit filename="include/Textur.h" />
		<Unit filename="include/Zombie.h" />
		<Unit filename="include/arbol.h" />
		<Unit filename="include/nube.h" />
		<Unit filename="include/steve.bmp" />
		<Unit filename="main.cpp" />
		<Unit filename="src/Casa.cpp" />
		<Unit filename="src/Cerdo.cpp" />
		<Unit filename="src/Colision.cpp" />
		<Unit filename="src/Escenario.cpp" />
		<Unit filename="src/Fuente.cpp" />
		<Unit filename="src/RgbImage.cpp" />
		<Unit filename="src/Steve.cpp" />
		<Unit filename="src/Textur.cpp" />
		<Unit filename="src/Zombie.cpp" />
		<Unit filename="src/arbol.cpp" />
		<Unit filename="src/nube.cpp" />
		<Unit filename="src/steve.bmp" />
		<Unit filename="steve.bmp" />
		<Extensions />
	</Project>
</CodeBlocks_project_file>
